
Microsoft Visual Studio Solution File, Format Version 12.00
# Visual Studio Version 16
VisualStudioVersion = 16.0.30503.244
MinimumVisualStudioVersion = 10.0.40219.1
Project("{FAE04EC0-301F-11D3-BF4B-00C04F79EFBC}") = "HelloWorldDemo", "HelloWorldDemo\HelloWorldDemo.csproj", "{2289B6DA-2369-46ED-9AA1-70C813BC005F}"
EndProject
Global
	GlobalSection(SolutionConfigurationPlatforms) = preSolution
		Debug|Any CPU = Debug|Any CPU
		Release|Any CPU = Release|Any CPU
	EndGlobalSection
	GlobalSection(ProjectConfigurationPlatforms) = postSolution
		{2289B6DA-2369-46ED-9AA1-70C813BC005F}.Debug|Any CPU.ActiveCfg = Debug|Any CPU
		{2289B6DA-2369-46ED-9AA1-70C813BC005F}.Debug|Any CPU.Build.0 = Debug|Any CPU
		{2289B6DA-2369-46ED-9AA1-70C813BC005F}.Release|Any CPU.ActiveCfg = Release|Any CPU
		{2289B6DA-2369-46ED-9AA1-70C813BC005F}.Release|Any CPU.Build.0 = Release|Any CPU
	EndGlobalSection
	GlobalSection(SolutionProperties) = preSolution
		HideSolutionNode = FALSE
	EndGlobalSection
	GlobalSection(ExtensibilityGlobals) = postSolution
		SolutionGuid = {43E939C9-B2AB-4638-9B80-F336FDB9EC9A}
	EndGlobalSection
EndGlobal
