
Microsoft Visual Studio Solution File, Format Version 12.00
# Visual Studio Version 16
VisualStudioVersion = 16.0.30907.101
MinimumVisualStudioVersion = 10.0.40219.1
Project("{FAE04EC0-301F-11D3-BF4B-00C04F79EFBC}") = "Employee Manager App", "Employee Manager App\Employee Manager App.csproj", "{58AD24DE-D921-4D59-A37B-3D7A2439DB15}"
EndProject
Global
	GlobalSection(SolutionConfigurationPlatforms) = preSolution
		Debug|Any CPU = Debug|Any CPU
		Release|Any CPU = Release|Any CPU
	EndGlobalSection
	GlobalSection(ProjectConfigurationPlatforms) = postSolution
		{58AD24DE-D921-4D59-A37B-3D7A2439DB15}.Debug|Any CPU.ActiveCfg = Debug|Any CPU
		{58AD24DE-D921-4D59-A37B-3D7A2439DB15}.Debug|Any CPU.Build.0 = Debug|Any CPU
		{58AD24DE-D921-4D59-A37B-3D7A2439DB15}.Release|Any CPU.ActiveCfg = Release|Any CPU
		{58AD24DE-D921-4D59-A37B-3D7A2439DB15}.Release|Any CPU.Build.0 = Release|Any CPU
	EndGlobalSection
	GlobalSection(SolutionProperties) = preSolution
		HideSolutionNode = FALSE
	EndGlobalSection
	GlobalSection(ExtensibilityGlobals) = postSolution
		SolutionGuid = {D4DFC15C-7D03-41BC-9448-0DBA95EC4A77}
	EndGlobalSection
EndGlobal
