
Microsoft Visual Studio Solution File, Format Version 12.00
# Visual Studio Version 17
VisualStudioVersion = 17.0.32014.148
MinimumVisualStudioVersion = 10.0.40219.1
Project("{FAE04EC0-301F-11D3-BF4B-00C04F79EFBC}") = "MemberMethods", "MemberMethods.csproj", "{289C1AC9-6F17-4B4A-9713-2E82FFDD41CD}"
EndProject
Global
	GlobalSection(SolutionConfigurationPlatforms) = preSolution
		Debug|Any CPU = Debug|Any CPU
		Release|Any CPU = Release|Any CPU
	EndGlobalSection
	GlobalSection(ProjectConfigurationPlatforms) = postSolution
		{289C1AC9-6F17-4B4A-9713-2E82FFDD41CD}.Debug|Any CPU.ActiveCfg = Debug|Any CPU
		{289C1AC9-6F17-4B4A-9713-2E82FFDD41CD}.Debug|Any CPU.Build.0 = Debug|Any CPU
		{289C1AC9-6F17-4B4A-9713-2E82FFDD41CD}.Release|Any CPU.ActiveCfg = Release|Any CPU
		{289C1AC9-6F17-4B4A-9713-2E82FFDD41CD}.Release|Any CPU.Build.0 = Release|Any CPU
	EndGlobalSection
	GlobalSection(SolutionProperties) = preSolution
		HideSolutionNode = FALSE
	EndGlobalSection
	GlobalSection(ExtensibilityGlobals) = postSolution
		SolutionGuid = {78528611-D1C2-467B-B5DC-C04552761A83}
	EndGlobalSection
EndGlobal
