
Microsoft Visual Studio Solution File, Format Version 12.00
# Visual Studio Version 16
VisualStudioVersion = 16.0.30907.101
MinimumVisualStudioVersion = 10.0.40219.1
Project("{FAE04EC0-301F-11D3-BF4B-00C04F79EFBC}") = "WorkingWithControllersDemo", "WorkingWithControllersDemo\WorkingWithControllersDemo.csproj", "{D0C44F10-2DC9-440A-9166-52E27A81BA08}"
EndProject
Global
	GlobalSection(SolutionConfigurationPlatforms) = preSolution
		Debug|Any CPU = Debug|Any CPU
		Release|Any CPU = Release|Any CPU
	EndGlobalSection
	GlobalSection(ProjectConfigurationPlatforms) = postSolution
		{D0C44F10-2DC9-440A-9166-52E27A81BA08}.Debug|Any CPU.ActiveCfg = Debug|Any CPU
		{D0C44F10-2DC9-440A-9166-52E27A81BA08}.Debug|Any CPU.Build.0 = Debug|Any CPU
		{D0C44F10-2DC9-440A-9166-52E27A81BA08}.Release|Any CPU.ActiveCfg = Release|Any CPU
		{D0C44F10-2DC9-440A-9166-52E27A81BA08}.Release|Any CPU.Build.0 = Release|Any CPU
	EndGlobalSection
	GlobalSection(SolutionProperties) = preSolution
		HideSolutionNode = FALSE
	EndGlobalSection
	GlobalSection(ExtensibilityGlobals) = postSolution
		SolutionGuid = {71BEE3FB-7F28-4037-BFD1-2670E45FD282}
	EndGlobalSection
EndGlobal
