
Microsoft Visual Studio Solution File, Format Version 12.00
# Visual Studio Version 16
VisualStudioVersion = 16.0.30907.101
MinimumVisualStudioVersion = 10.0.40219.1
Project("{FAE04EC0-301F-11D3-BF4B-00C04F79EFBC}") = "ReturnTypesOfActions", "ReturnTypesOfActions\ReturnTypesOfActions.csproj", "{473022F0-E488-4B77-9CDE-B882C4C7045F}"
EndProject
Global
	GlobalSection(SolutionConfigurationPlatforms) = preSolution
		Debug|Any CPU = Debug|Any CPU
		Release|Any CPU = Release|Any CPU
	EndGlobalSection
	GlobalSection(ProjectConfigurationPlatforms) = postSolution
		{473022F0-E488-4B77-9CDE-B882C4C7045F}.Debug|Any CPU.ActiveCfg = Debug|Any CPU
		{473022F0-E488-4B77-9CDE-B882C4C7045F}.Debug|Any CPU.Build.0 = Debug|Any CPU
		{473022F0-E488-4B77-9CDE-B882C4C7045F}.Release|Any CPU.ActiveCfg = Release|Any CPU
		{473022F0-E488-4B77-9CDE-B882C4C7045F}.Release|Any CPU.Build.0 = Release|Any CPU
	EndGlobalSection
	GlobalSection(SolutionProperties) = preSolution
		HideSolutionNode = FALSE
	EndGlobalSection
	GlobalSection(ExtensibilityGlobals) = postSolution
		SolutionGuid = {8FF5B3DE-9FCE-4090-B850-B9C75DAE2703}
	EndGlobalSection
EndGlobal
