
Microsoft Visual Studio Solution File, Format Version 12.00
# Visual Studio Version 16
VisualStudioVersion = 16.0.30907.101
MinimumVisualStudioVersion = 10.0.40219.1
Project("{FAE04EC0-301F-11D3-BF4B-00C04F79EFBC}") = "CustomFilters", "CustomFilters\CustomFilters.csproj", "{F4C7AF6A-1A92-4BBE-84D2-FA62B5A70D1B}"
EndProject
Global
	GlobalSection(SolutionConfigurationPlatforms) = preSolution
		Debug|Any CPU = Debug|Any CPU
		Release|Any CPU = Release|Any CPU
	EndGlobalSection
	GlobalSection(ProjectConfigurationPlatforms) = postSolution
		{F4C7AF6A-1A92-4BBE-84D2-FA62B5A70D1B}.Debug|Any CPU.ActiveCfg = Debug|Any CPU
		{F4C7AF6A-1A92-4BBE-84D2-FA62B5A70D1B}.Debug|Any CPU.Build.0 = Debug|Any CPU
		{F4C7AF6A-1A92-4BBE-84D2-FA62B5A70D1B}.Release|Any CPU.ActiveCfg = Release|Any CPU
		{F4C7AF6A-1A92-4BBE-84D2-FA62B5A70D1B}.Release|Any CPU.Build.0 = Release|Any CPU
	EndGlobalSection
	GlobalSection(SolutionProperties) = preSolution
		HideSolutionNode = FALSE
	EndGlobalSection
	GlobalSection(ExtensibilityGlobals) = postSolution
		SolutionGuid = {F2148D20-0773-4CEF-8594-73886CB18E5F}
	EndGlobalSection
EndGlobal
