
Microsoft Visual Studio Solution File, Format Version 12.00
# Visual Studio Version 16
VisualStudioVersion = 16.0.30907.101
MinimumVisualStudioVersion = 10.0.40219.1
Project("{FAE04EC0-301F-11D3-BF4B-00C04F79EFBC}") = "ConfigurationService", "ConfigurationService\ConfigurationService.csproj", "{30E78A28-8BEA-4212-A235-8CB9DE90A1CE}"
EndProject
Global
	GlobalSection(SolutionConfigurationPlatforms) = preSolution
		Debug|Any CPU = Debug|Any CPU
		Release|Any CPU = Release|Any CPU
	EndGlobalSection
	GlobalSection(ProjectConfigurationPlatforms) = postSolution
		{30E78A28-8BEA-4212-A235-8CB9DE90A1CE}.Debug|Any CPU.ActiveCfg = Debug|Any CPU
		{30E78A28-8BEA-4212-A235-8CB9DE90A1CE}.Debug|Any CPU.Build.0 = Debug|Any CPU
		{30E78A28-8BEA-4212-A235-8CB9DE90A1CE}.Release|Any CPU.ActiveCfg = Release|Any CPU
		{30E78A28-8BEA-4212-A235-8CB9DE90A1CE}.Release|Any CPU.Build.0 = Release|Any CPU
	EndGlobalSection
	GlobalSection(SolutionProperties) = preSolution
		HideSolutionNode = FALSE
	EndGlobalSection
	GlobalSection(ExtensibilityGlobals) = postSolution
		SolutionGuid = {0AEAF291-BED6-4542-BB41-F3E8BED0387C}
	EndGlobalSection
EndGlobal
