
Microsoft Visual Studio Solution File, Format Version 12.00
# Visual Studio Version 16
VisualStudioVersion = 16.0.30907.101
MinimumVisualStudioVersion = 10.0.40219.1
Project("{FAE04EC0-301F-11D3-BF4B-00C04F79EFBC}") = "DependencyInjection", "DependencyInjection\DependencyInjection.csproj", "{F428C79C-2B5A-4977-A543-14363F378545}"
EndProject
Global
	GlobalSection(SolutionConfigurationPlatforms) = preSolution
		Debug|Any CPU = Debug|Any CPU
		Release|Any CPU = Release|Any CPU
	EndGlobalSection
	GlobalSection(ProjectConfigurationPlatforms) = postSolution
		{F428C79C-2B5A-4977-A543-14363F378545}.Debug|Any CPU.ActiveCfg = Debug|Any CPU
		{F428C79C-2B5A-4977-A543-14363F378545}.Debug|Any CPU.Build.0 = Debug|Any CPU
		{F428C79C-2B5A-4977-A543-14363F378545}.Release|Any CPU.ActiveCfg = Release|Any CPU
		{F428C79C-2B5A-4977-A543-14363F378545}.Release|Any CPU.Build.0 = Release|Any CPU
	EndGlobalSection
	GlobalSection(SolutionProperties) = preSolution
		HideSolutionNode = FALSE
	EndGlobalSection
	GlobalSection(ExtensibilityGlobals) = postSolution
		SolutionGuid = {8271EFA4-F3E9-454D-94E8-FDAE70C6524C}
	EndGlobalSection
EndGlobal
